
Microsoft Visual Studio Solution File, Format Version 12.00
# Visual Studio Version 17
VisualStudioVersion = 17.14.36518.9 d17.14
MinimumVisualStudioVersion = 10.0.40219.1
Project("{8BC9CEB8-8B4A-11D0-8D11-00A0C91BC942}") = "C_Algorithms", "C_Algorithms.vcxproj", "{BF766652-56C3-4F56-987C-D7A246EEF50D}"
EndProject
Global
	GlobalSection(SolutionConfigurationPlatforms) = preSolution
		Debug|x64 = Debug|x64
		Debug|x86 = Debug|x86
		Release|x64 = Release|x64
		Release|x86 = Release|x86
	EndGlobalSection
	GlobalSection(ProjectConfigurationPlatforms) = postSolution
		{BF766652-56C3-4F56-987C-D7A246EEF50D}.Debug|x64.ActiveCfg = Debug|x64
		{BF766652-56C3-4F56-987C-D7A246EEF50D}.Debug|x64.Build.0 = Debug|x64
		{BF766652-56C3-4F56-987C-D7A246EEF50D}.Debug|x86.ActiveCfg = Debug|Win32
		{BF766652-56C3-4F56-987C-D7A246EEF50D}.Debug|x86.Build.0 = Debug|Win32
		{BF766652-56C3-4F56-987C-D7A246EEF50D}.Release|x64.ActiveCfg = Release|x64
		{BF766652-56C3-4F56-987C-D7A246EEF50D}.Release|x64.Build.0 = Release|x64
		{BF766652-56C3-4F56-987C-D7A246EEF50D}.Release|x86.ActiveCfg = Release|Win32
		{BF766652-56C3-4F56-987C-D7A246EEF50D}.Release|x86.Build.0 = Release|Win32
	EndGlobalSection
	GlobalSection(SolutionProperties) = preSolution
		HideSolutionNode = FALSE
	EndGlobalSection
	GlobalSection(ExtensibilityGlobals) = postSolution
		SolutionGuid = {C26A90C3-10EE-4DED-A710-C38B669E528E}
	EndGlobalSection
EndGlobal
